Microsoft Visual Studio Solution File, Format Version 12.00
# Visual Studio Version 17
VisualStudioVersion = 17.5.2.0
MinimumVisualStudioVersion = 10.0.40219.1
Project("{FAE04EC0-301F-11D3-BF4B-00C04F79EFBC}") = "E-Agenda.WebApp", "E-Agenda.WebApp.csproj", "{F43D3F33-8CE8-C35D-E7F9-C93938A0955F}"
EndProject
Global
	GlobalSection(SolutionConfigurationPlatforms) = preSolution
		Debug|Any CPU = Debug|Any CPU
		Release|Any CPU = Release|Any CPU
	EndGlobalSection
	GlobalSection(ProjectConfigurationPlatforms) = postSolution
		{F43D3F33-8CE8-C35D-E7F9-C93938A0955F}.Debug|Any CPU.ActiveCfg = Debug|Any CPU
		{F43D3F33-8CE8-C35D-E7F9-C93938A0955F}.Debug|Any CPU.Build.0 = Debug|Any CPU
		{F43D3F33-8CE8-C35D-E7F9-C93938A0955F}.Release|Any CPU.ActiveCfg = Release|Any CPU
		{F43D3F33-8CE8-C35D-E7F9-C93938A0955F}.Release|Any CPU.Build.0 = Release|Any CPU
	EndGlobalSection
	GlobalSection(SolutionProperties) = preSolution
		HideSolutionNode = FALSE
	EndGlobalSection
	GlobalSection(ExtensibilityGlobals) = postSolution
		SolutionGuid = {AB5BF2EB-EEE9-4D20-A9C6-FC6DA799231C}
	EndGlobalSection
EndGlobal
